
Microsoft Visual Studio Solution File, Format Version 12.00
# Visual Studio Version 16
VisualStudioVersion = 16.0.31424.327
MinimumVisualStudioVersion = 10.0.40219.1
Project("{FAE04EC0-301F-11D3-BF4B-00C04F79EFBC}") = "MovementOn2DPlanesAndChangingStoryGeneration", "MovementOn2DPlanesAndChangingStoryGeneration\MovementOn2DPlanesAndChangingStoryGeneration.csproj", "{0ED1271C-6641-4C53-B531-DCA18F611C88}"
EndProject
Global
	GlobalSection(SolutionConfigurationPlatforms) = preSolution
		Debug|Any CPU = Debug|Any CPU
		Release|Any CPU = Release|Any CPU
	EndGlobalSection
	GlobalSection(ProjectConfigurationPlatforms) = postSolution
		{0ED1271C-6641-4C53-B531-DCA18F611C88}.Debug|Any CPU.ActiveCfg = Debug|Any CPU
		{0ED1271C-6641-4C53-B531-DCA18F611C88}.Debug|Any CPU.Build.0 = Debug|Any CPU
		{0ED1271C-6641-4C53-B531-DCA18F611C88}.Release|Any CPU.ActiveCfg = Release|Any CPU
		{0ED1271C-6641-4C53-B531-DCA18F611C88}.Release|Any CPU.Build.0 = Release|Any CPU
	EndGlobalSection
	GlobalSection(SolutionProperties) = preSolution
		HideSolutionNode = FALSE
	EndGlobalSection
	GlobalSection(ExtensibilityGlobals) = postSolution
		SolutionGuid = {39E69942-9E2F-46C9-8791-E0C3B88719D3}
	EndGlobalSection
EndGlobal
